
Microsoft Visual Studio Solution File, Format Version 12.00
# Visual Studio Version 17
VisualStudioVersion = 17.4.33110.190
MinimumVisualStudioVersion = 10.0.40219.1
Project("{FAE04EC0-301F-11D3-BF4B-00C04F79EFBC}") = "ya_typou_pidoras", "ya_typou_pidoras\ya_typou_pidoras.csproj", "{52E61209-2A42-491C-B2DB-C1B9D22FD967}"
EndProject
Global
	GlobalSection(SolutionConfigurationPlatforms) = preSolution
		Debug|Any CPU = Debug|Any CPU
		Release|Any CPU = Release|Any CPU
	EndGlobalSection
	GlobalSection(ProjectConfigurationPlatforms) = postSolution
		{52E61209-2A42-491C-B2DB-C1B9D22FD967}.Debug|Any CPU.ActiveCfg = Debug|Any CPU
		{52E61209-2A42-491C-B2DB-C1B9D22FD967}.Debug|Any CPU.Build.0 = Debug|Any CPU
		{52E61209-2A42-491C-B2DB-C1B9D22FD967}.Release|Any CPU.ActiveCfg = Release|Any CPU
		{52E61209-2A42-491C-B2DB-C1B9D22FD967}.Release|Any CPU.Build.0 = Release|Any CPU
	EndGlobalSection
	GlobalSection(SolutionProperties) = preSolution
		HideSolutionNode = FALSE
	EndGlobalSection
	GlobalSection(ExtensibilityGlobals) = postSolution
		SolutionGuid = {A70B0CBC-3D85-498F-B710-E946DE4D5CAE}
	EndGlobalSection
EndGlobal
